
Microsoft Visual Studio Solution File, Format Version 12.00
# Visual Studio Version 17
VisualStudioVersion = 17.4.32916.344
MinimumVisualStudioVersion = 10.0.40219.1
Project("{FAE04EC0-301F-11D3-BF4B-00C04F79EFBC}") = "Claims", "Claims\Claims.csproj", "{ECFF02A8-3381-4E50-AEC6-7173EC97FE97}"
EndProject
Project("{FAE04EC0-301F-11D3-BF4B-00C04F79EFBC}") = "ClaimsSoftware", "ClaimsSoftware\ClaimsSoftware.csproj", "{3DB7F5E5-B0CD-4C37-969A-C0BA3251A464}"
EndProject
Project("{FAE04EC0-301F-11D3-BF4B-00C04F79EFBC}") = "BadClaims.Server", "BadClaims\Server\BadClaims.Server.csproj", "{0B0A0CF7-BF06-4DDB-AC28-8C5A81FACAC3}"
EndProject
Project("{FAE04EC0-301F-11D3-BF4B-00C04F79EFBC}") = "BadClaims.Client", "BadClaims\Client\BadClaims.Client.csproj", "{73C991DC-F8FB-42E3-8653-6175BDDD8457}"
EndProject
Project("{2150E333-8FDC-42A3-9474-1A3956D46DE8}") = "bad.claims", "bad.claims", "{9EBB5939-C189-4CEC-9F2B-FA59B3C6CAC4}"
EndProject
Project("{FAE04EC0-301F-11D3-BF4B-00C04F79EFBC}") = "GoodClaims.Server", "GoodClaims\Server\GoodClaims.Server.csproj", "{5D3DC257-4864-4F13-AEDD-B79709462E41}"
EndProject
Project("{FAE04EC0-301F-11D3-BF4B-00C04F79EFBC}") = "GoodClaims.Client", "GoodClaims\Client\GoodClaims.Client.csproj", "{19EAC50D-A140-4187-854E-D6B8E53CDD20}"
EndProject
Project("{2150E333-8FDC-42A3-9474-1A3956D46DE8}") = "good.claims", "good.claims", "{B9AB0D5D-B3A8-430F-831E-10F43215EBD2}"
EndProject
Project("{2150E333-8FDC-42A3-9474-1A3956D46DE8}") = "memory.claims", "memory.claims", "{9164931E-A037-457F-B331-EC3267B8C002}"
EndProject
Project("{FAE04EC0-301F-11D3-BF4B-00C04F79EFBC}") = "MemoryClaims.Server", "MemoryClaims\Server\MemoryClaims.Server.csproj", "{0DE75343-2DB3-4F20-B9DB-E0E3EEACDE4E}"
EndProject
Project("{FAE04EC0-301F-11D3-BF4B-00C04F79EFBC}") = "MemoryClaims.Client", "MemoryClaims\Client\MemoryClaims.Client.csproj", "{4B489938-0847-40D9-B1D5-3F80E33701A4}"
EndProject
Project("{FAE04EC0-301F-11D3-BF4B-00C04F79EFBC}") = "WelcomeToMindBrain", "WelcomeToMindBrain\WelcomeToMindBrain.csproj", "{8ADE9D4B-917B-4A87-A400-6FC343F0B368}"
EndProject
Project("{FAE04EC0-301F-11D3-BF4B-00C04F79EFBC}") = "OBJECTSOCIAL.Server", "OBJECTSOCIAL\Server\OBJECTSOCIAL.Server.csproj", "{E3B8FCC2-FD57-40DF-954E-55D502FC4047}"
EndProject
Project("{FAE04EC0-301F-11D3-BF4B-00C04F79EFBC}") = "OBJECTSOCIAL.Client", "OBJECTSOCIAL\Client\OBJECTSOCIAL.Client.csproj", "{3DF41ADF-D4C4-456E-AD52-4C511E42E33B}"
EndProject
Project("{2150E333-8FDC-42A3-9474-1A3956D46DE8}") = "object.social", "object.social", "{8108B527-FBF2-4FF2-84E6-B6464CFA24F5}"
EndProject
Project("{00D1A9C2-B5F0-4AF3-8072-F6C62B433612}") = "TheMind", "TheMind\TheMind.sqlproj", "{106FBAF7-E058-4F8F-A6C7-85C6F7753BD2}"
EndProject
Project("{FAE04EC0-301F-11D3-BF4B-00C04F79EFBC}") = "OBJECTSOCIALSoftware", "OBJECTSOCIALSoftware\OBJECTSOCIALSoftware.csproj", "{C0E42C11-583C-4268-B10B-2A09CCB0653E}"
EndProject
Project("{2150E333-8FDC-42A3-9474-1A3956D46DE8}") = "Claims-project", "Claims-project", "{BCFB0B81-97E2-4DCE-8B05-01829FCE65FF}"
EndProject
Project("{2150E333-8FDC-42A3-9474-1A3956D46DE8}") = "OBJECTSOCIAL-project", "OBJECTSOCIAL-project", "{CAC7355C-0BEA-4F8A-965C-0A99BDFD9CE0}"
EndProject
Project("{2150E333-8FDC-42A3-9474-1A3956D46DE8}") = "Solution Items", "Solution Items", "{A274D202-A841-4954-820A-2D27200F86B6}"
	ProjectSection(SolutionItems) = preProject
		Readme.md = Readme.md
	EndProjectSection
EndProject
Global
	GlobalSection(SolutionConfigurationPlatforms) = preSolution
		Debug|Any CPU = Debug|Any CPU
		Release|Any CPU = Release|Any CPU
	EndGlobalSection
	GlobalSection(ProjectConfigurationPlatforms) = postSolution
		{ECFF02A8-3381-4E50-AEC6-7173EC97FE97}.Debug|Any CPU.ActiveCfg = Debug|Any CPU
		{ECFF02A8-3381-4E50-AEC6-7173EC97FE97}.Debug|Any CPU.Build.0 = Debug|Any CPU
		{ECFF02A8-3381-4E50-AEC6-7173EC97FE97}.Release|Any CPU.ActiveCfg = Release|Any CPU
		{ECFF02A8-3381-4E50-AEC6-7173EC97FE97}.Release|Any CPU.Build.0 = Release|Any CPU
		{3DB7F5E5-B0CD-4C37-969A-C0BA3251A464}.Debug|Any CPU.ActiveCfg = Debug|Any CPU
		{3DB7F5E5-B0CD-4C37-969A-C0BA3251A464}.Debug|Any CPU.Build.0 = Debug|Any CPU
		{3DB7F5E5-B0CD-4C37-969A-C0BA3251A464}.Debug|Any CPU.Deploy.0 = Debug|Any CPU
		{3DB7F5E5-B0CD-4C37-969A-C0BA3251A464}.Release|Any CPU.ActiveCfg = Release|Any CPU
		{3DB7F5E5-B0CD-4C37-969A-C0BA3251A464}.Release|Any CPU.Build.0 = Release|Any CPU
		{3DB7F5E5-B0CD-4C37-969A-C0BA3251A464}.Release|Any CPU.Deploy.0 = Release|Any CPU
		{0B0A0CF7-BF06-4DDB-AC28-8C5A81FACAC3}.Debug|Any CPU.ActiveCfg = Debug|Any CPU
		{0B0A0CF7-BF06-4DDB-AC28-8C5A81FACAC3}.Debug|Any CPU.Build.0 = Debug|Any CPU
		{0B0A0CF7-BF06-4DDB-AC28-8C5A81FACAC3}.Release|Any CPU.ActiveCfg = Release|Any CPU
		{0B0A0CF7-BF06-4DDB-AC28-8C5A81FACAC3}.Release|Any CPU.Build.0 = Release|Any CPU
		{73C991DC-F8FB-42E3-8653-6175BDDD8457}.Debug|Any CPU.ActiveCfg = Debug|Any CPU
		{73C991DC-F8FB-42E3-8653-6175BDDD8457}.Debug|Any CPU.Build.0 = Debug|Any CPU
		{73C991DC-F8FB-42E3-8653-6175BDDD8457}.Release|Any CPU.ActiveCfg = Release|Any CPU
		{73C991DC-F8FB-42E3-8653-6175BDDD8457}.Release|Any CPU.Build.0 = Release|Any CPU
		{5D3DC257-4864-4F13-AEDD-B79709462E41}.Debug|Any CPU.ActiveCfg = Debug|Any CPU
		{5D3DC257-4864-4F13-AEDD-B79709462E41}.Debug|Any CPU.Build.0 = Debug|Any CPU
		{5D3DC257-4864-4F13-AEDD-B79709462E41}.Release|Any CPU.ActiveCfg = Release|Any CPU
		{5D3DC257-4864-4F13-AEDD-B79709462E41}.Release|Any CPU.Build.0 = Release|Any CPU
		{19EAC50D-A140-4187-854E-D6B8E53CDD20}.Debug|Any CPU.ActiveCfg = Debug|Any CPU
		{19EAC50D-A140-4187-854E-D6B8E53CDD20}.Debug|Any CPU.Build.0 = Debug|Any CPU
		{19EAC50D-A140-4187-854E-D6B8E53CDD20}.Release|Any CPU.ActiveCfg = Release|Any CPU
		{19EAC50D-A140-4187-854E-D6B8E53CDD20}.Release|Any CPU.Build.0 = Release|Any CPU
		{0DE75343-2DB3-4F20-B9DB-E0E3EEACDE4E}.Debug|Any CPU.ActiveCfg = Debug|Any CPU
		{0DE75343-2DB3-4F20-B9DB-E0E3EEACDE4E}.Debug|Any CPU.Build.0 = Debug|Any CPU
		{0DE75343-2DB3-4F20-B9DB-E0E3EEACDE4E}.Release|Any CPU.ActiveCfg = Release|Any CPU
		{0DE75343-2DB3-4F20-B9DB-E0E3EEACDE4E}.Release|Any CPU.Build.0 = Release|Any CPU
		{4B489938-0847-40D9-B1D5-3F80E33701A4}.Debug|Any CPU.ActiveCfg = Debug|Any CPU
		{4B489938-0847-40D9-B1D5-3F80E33701A4}.Debug|Any CPU.Build.0 = Debug|Any CPU
		{4B489938-0847-40D9-B1D5-3F80E33701A4}.Release|Any CPU.ActiveCfg = Release|Any CPU
		{4B489938-0847-40D9-B1D5-3F80E33701A4}.Release|Any CPU.Build.0 = Release|Any CPU
		{8ADE9D4B-917B-4A87-A400-6FC343F0B368}.Debug|Any CPU.ActiveCfg = Debug|Any CPU
		{8ADE9D4B-917B-4A87-A400-6FC343F0B368}.Debug|Any CPU.Build.0 = Debug|Any CPU
		{8ADE9D4B-917B-4A87-A400-6FC343F0B368}.Release|Any CPU.ActiveCfg = Release|Any CPU
		{8ADE9D4B-917B-4A87-A400-6FC343F0B368}.Release|Any CPU.Build.0 = Release|Any CPU
		{E3B8FCC2-FD57-40DF-954E-55D502FC4047}.Debug|Any CPU.ActiveCfg = Debug|Any CPU
		{E3B8FCC2-FD57-40DF-954E-55D502FC4047}.Debug|Any CPU.Build.0 = Debug|Any CPU
		{E3B8FCC2-FD57-40DF-954E-55D502FC4047}.Release|Any CPU.ActiveCfg = Release|Any CPU
		{E3B8FCC2-FD57-40DF-954E-55D502FC4047}.Release|Any CPU.Build.0 = Release|Any CPU
		{3DF41ADF-D4C4-456E-AD52-4C511E42E33B}.Debug|Any CPU.ActiveCfg = Debug|Any CPU
		{3DF41ADF-D4C4-456E-AD52-4C511E42E33B}.Debug|Any CPU.Build.0 = Debug|Any CPU
		{3DF41ADF-D4C4-456E-AD52-4C511E42E33B}.Release|Any CPU.ActiveCfg = Release|Any CPU
		{3DF41ADF-D4C4-456E-AD52-4C511E42E33B}.Release|Any CPU.Build.0 = Release|Any CPU
		{106FBAF7-E058-4F8F-A6C7-85C6F7753BD2}.Debug|Any CPU.ActiveCfg = Debug|Any CPU
		{106FBAF7-E058-4F8F-A6C7-85C6F7753BD2}.Debug|Any CPU.Build.0 = Debug|Any CPU
		{106FBAF7-E058-4F8F-A6C7-85C6F7753BD2}.Debug|Any CPU.Deploy.0 = Debug|Any CPU
		{106FBAF7-E058-4F8F-A6C7-85C6F7753BD2}.Release|Any CPU.ActiveCfg = Release|Any CPU
		{106FBAF7-E058-4F8F-A6C7-85C6F7753BD2}.Release|Any CPU.Build.0 = Release|Any CPU
		{106FBAF7-E058-4F8F-A6C7-85C6F7753BD2}.Release|Any CPU.Deploy.0 = Release|Any CPU
		{C0E42C11-583C-4268-B10B-2A09CCB0653E}.Debug|Any CPU.ActiveCfg = Debug|Any CPU
		{C0E42C11-583C-4268-B10B-2A09CCB0653E}.Debug|Any CPU.Build.0 = Debug|Any CPU
		{C0E42C11-583C-4268-B10B-2A09CCB0653E}.Debug|Any CPU.Deploy.0 = Debug|Any CPU
		{C0E42C11-583C-4268-B10B-2A09CCB0653E}.Release|Any CPU.ActiveCfg = Release|Any CPU
		{C0E42C11-583C-4268-B10B-2A09CCB0653E}.Release|Any CPU.Build.0 = Release|Any CPU
		{C0E42C11-583C-4268-B10B-2A09CCB0653E}.Release|Any CPU.Deploy.0 = Release|Any CPU
	EndGlobalSection
	GlobalSection(SolutionProperties) = preSolution
		HideSolutionNode = FALSE
	EndGlobalSection
	GlobalSection(NestedProjects) = preSolution
		{3DB7F5E5-B0CD-4C37-969A-C0BA3251A464} = {BCFB0B81-97E2-4DCE-8B05-01829FCE65FF}
		{0B0A0CF7-BF06-4DDB-AC28-8C5A81FACAC3} = {9EBB5939-C189-4CEC-9F2B-FA59B3C6CAC4}
		{73C991DC-F8FB-42E3-8653-6175BDDD8457} = {9EBB5939-C189-4CEC-9F2B-FA59B3C6CAC4}
		{9EBB5939-C189-4CEC-9F2B-FA59B3C6CAC4} = {BCFB0B81-97E2-4DCE-8B05-01829FCE65FF}
		{5D3DC257-4864-4F13-AEDD-B79709462E41} = {B9AB0D5D-B3A8-430F-831E-10F43215EBD2}
		{19EAC50D-A140-4187-854E-D6B8E53CDD20} = {B9AB0D5D-B3A8-430F-831E-10F43215EBD2}
		{B9AB0D5D-B3A8-430F-831E-10F43215EBD2} = {BCFB0B81-97E2-4DCE-8B05-01829FCE65FF}
		{9164931E-A037-457F-B331-EC3267B8C002} = {BCFB0B81-97E2-4DCE-8B05-01829FCE65FF}
		{0DE75343-2DB3-4F20-B9DB-E0E3EEACDE4E} = {9164931E-A037-457F-B331-EC3267B8C002}
		{4B489938-0847-40D9-B1D5-3F80E33701A4} = {9164931E-A037-457F-B331-EC3267B8C002}
		{E3B8FCC2-FD57-40DF-954E-55D502FC4047} = {8108B527-FBF2-4FF2-84E6-B6464CFA24F5}
		{3DF41ADF-D4C4-456E-AD52-4C511E42E33B} = {8108B527-FBF2-4FF2-84E6-B6464CFA24F5}
		{8108B527-FBF2-4FF2-84E6-B6464CFA24F5} = {CAC7355C-0BEA-4F8A-965C-0A99BDFD9CE0}
		{C0E42C11-583C-4268-B10B-2A09CCB0653E} = {CAC7355C-0BEA-4F8A-965C-0A99BDFD9CE0}
	EndGlobalSection
	GlobalSection(ExtensibilityGlobals) = postSolution
		SolutionGuid = {D9B75FCD-5154-45E4-8485-D03D03A8E081}
	EndGlobalSection
EndGlobal
